
Microsoft Visual Studio Solution File, Format Version 12.00
# Visual Studio 15
VisualStudioVersion = 15.0.28307.1062
MinimumVisualStudioVersion = 10.0.40219.1
Project("{FAE04EC0-301F-11D3-BF4B-00C04F79EFBC}") = "MedicalManager", "MedicalManager\MedicalManager.csproj", "{D73C89F7-F9AF-4A85-B18A-6685499D4AD8}"
EndProject
Global
	GlobalSection(SolutionConfigurationPlatforms) = preSolution
		Debug|Any CPU = Debug|Any CPU
		Release|Any CPU = Release|Any CPU
	EndGlobalSection
	GlobalSection(ProjectConfigurationPlatforms) = postSolution
		{D73C89F7-F9AF-4A85-B18A-6685499D4AD8}.Debug|Any CPU.ActiveCfg = Debug|Any CPU
		{D73C89F7-F9AF-4A85-B18A-6685499D4AD8}.Debug|Any CPU.Build.0 = Debug|Any CPU
		{D73C89F7-F9AF-4A85-B18A-6685499D4AD8}.Release|Any CPU.ActiveCfg = Release|Any CPU
		{D73C89F7-F9AF-4A85-B18A-6685499D4AD8}.Release|Any CPU.Build.0 = Release|Any CPU
	EndGlobalSection
	GlobalSection(SolutionProperties) = preSolution
		HideSolutionNode = FALSE
	EndGlobalSection
	GlobalSection(ExtensibilityGlobals) = postSolution
		SolutionGuid = {57DAC3B2-F24D-4749-B568-3F72045DDB2A}
	EndGlobalSection
EndGlobal
